// !$*UTF8*$!
{
	archiveVersion = 1;
	classes = {
	};
	objectVersion = 46;
	objects = {

/* Begin PBXBuildFile section */
		50B10C7B19A28F9C00CFA2B5 /* Foundation.framework in Frameworks */ = {isa = PBXBuildFile; fileRef = 50B10C7A19A28F9C00CFA2B5 /* Foundation.framework */; };
		50B10C7D19A28F9C00CFA2B5 /* CoreGraphics.framework in Frameworks */ = {isa = PBXBuildFile; fileRef = 50B10C7C19A28F9C00CFA2B5 /* CoreGraphics.framework */; };
		50B10C7F19A28F9C00CFA2B5 /* UIKit.framework in Frameworks */ = {isa = PBXBuildFile; fileRef = 50B10C7E19A28F9C00CFA2B5 /* UIKit.framework */; };
		50B10C8519A28F9C00CFA2B5 /* InfoPlist.strings in Resources */ = {isa = PBXBuildFile; fileRef = 50B10C8319A28F9C00CFA2B5 /* InfoPlist.strings */; };
		50B10C8719A28F9C00CFA2B5 /* main.m in Sources */ = {isa = PBXBuildFile; fileRef = 50B10C8619A28F9C00CFA2B5 /* main.m */; };
		50B10C8B19A28F9C00CFA2B5 /* AppDelegate.m in Sources */ = {isa = PBXBuildFile; fileRef = 50B10C8A19A28F9C00CFA2B5 /* AppDelegate.m */; };
		50B10C8E19A28F9C00CFA2B5 /* Main.storyboard in Resources */ = {isa = PBXBuildFile; fileRef = 50B10C8C19A28F9C00CFA2B5 /* Main.storyboard */; };
		50B10C9119A28F9C00CFA2B5 /* ViewController.m in Sources */ = {isa = PBXBuildFile; fileRef = 50B10C9019A28F9C00CFA2B5 /* ViewController.m */; };
		50B10C9319A28F9C00CFA2B5 /* Images.xcassets in Resources */ = {isa = PBXBuildFile; fileRef = 50B10C9219A28F9C00CFA2B5 /* Images.xcassets */; };
		50B10C9A19A28F9C00CFA2B5 /* XCTest.framework in Frameworks */ = {isa = PBXBuildFile; fileRef = 50B10C9919A28F9C00CFA2B5 /* XCTest.framework */; };
		50B10C9B19A28F9C00CFA2B5 /* Foundation.framework in Frameworks */ = {isa = PBXBuildFile; fileRef = 50B10C7A19A28F9C00CFA2B5 /* Foundation.framework */; };
		50B10C9C19A28F9C00CFA2B5 /* UIKit.framework in Frameworks */ = {isa = PBXBuildFile; fileRef = 50B10C7E19A28F9C00CFA2B5 /* UIKit.framework */; };
		50B10CA419A28F9C00CFA2B5 /* InfoPlist.strings in Resources */ = {isa = PBXBuildFile; fileRef = 50B10CA219A28F9C00CFA2B5 /* InfoPlist.strings */; };
		50B10CA619A28F9C00CFA2B5 /* GitPracticeTests.m in Sources */ = {isa = PBXBuildFile; fileRef = 50B10CA519A28F9C00CFA2B5 /* GitPracticeTests.m */; };
/* End PBXBuildFile section */

/* Begin PBXContainerItemProxy section */
		50B10C9D19A28F9C00CFA2B5 /* PBXContainerItemProxy */ = {
			isa = PBXContainerItemProxy;
			containerPortal = 50B10C6F19A28F9C00CFA2B5 /* Project object */;
			proxyType = 1;
			remoteGlobalIDString = 50B10C7619A28F9C00CFA2B5;
			remoteInfo = GitPractice;
		};
/* End PBXContainerItemProxy section */

/* Begin PBXFileReference section */
		50B10C7719A28F9C00CFA2B5 /* GitPractice.app */ = {isa = PBXFileReference; explicitFileType = wrapper.application; includeInIndex = 0; path = GitPractice.app; sourceTree = BUILT_PRODUCTS_DIR; };
		50B10C7A19A28F9C00CFA2B5 /* Foundation.framework */ = {isa = PBXFileReference; lastKnownFileType = wrapper.framework; name = Foundation.framework; path = System/Library/Frameworks/Foundation.framework; sourceTree = SDKROOT; };
		50B10C7C19A28F9C00CFA2B5 /* CoreGraphics.framework */ = {isa = PBXFileReference; lastKnownFileType = wrapper.framework; name = CoreGraphics.framework; path = System/Library/Frameworks/CoreGraphics.framework; sourceTree = SDKROOT; };
		50B10C7E19A28F9C00CFA2B5 /* UIKit.framework */ = {isa = PBXFileReference; lastKnownFileType = wrapper.framework; name = UIKit.framework; path = System/Library/Frameworks/UIKit.framework; sourceTree = SDKROOT; };
		50B10C8219A28F9C00CFA2B5 /* GitPractice-Info.plist */ = {isa = PBXFileReference; lastKnownFileType = text.plist.xml; path = "GitPractice-Info.plist"; sourceTree = "<group>"; };
		50B10C8419A28F9C00CFA2B5 /* en */ = {isa = PBXFileReference; lastKnownFileType = text.plist.strings; name = en; path = en.lproj/InfoPlist.strings; sourceTree = "<group>"; };
		50B10C8619A28F9C00CFA2B5 /* main.m */ = {isa = PBXFileReference; lastKnownFileType = sourcecode.c.objc; path = main.m; sourceTree = "<group>"; };
		50B10C8819A28F9C00CFA2B5 /* GitPractice-Prefix.pch */ = {isa = PBXFileReference; lastKnownFileType = sourcecode.c.h; path = "GitPractice-Prefix.pch"; sourceTree = "<group>"; };
		50B10C8919A28F9C00CFA2B5 /* AppDelegate.h */ = {isa = PBXFileReference; lastKnownFileType = sourcecode.c.h; path = AppDelegate.h; sourceTree = "<group>"; };
		50B10C8A19A28F9C00CFA2B5 /* AppDelegate.m */ = {isa = PBXFileReference; lastKnownFileType = sourcecode.c.objc; path = AppDelegate.m; sourceTree = "<group>"; };
		50B10C8D19A28F9C00CFA2B5 /* Base */ = {isa = PBXFileReference; lastKnownFileType = file.storyboard; name = Base; path = Base.lproj/Main.storyboard; sourceTree = "<group>"; };
		50B10C8F19A28F9C00CFA2B5 /* ViewController.h */ = {isa = PBXFileReference; lastKnownFileType = sourcecode.c.h; path = ViewController.h; sourceTree = "<group>"; };
		50B10C9019A28F9C00CFA2B5 /* ViewController.m */ = {isa = PBXFileReference; lastKnownFileType = sourcecode.c.objc; path = ViewController.m; sourceTree = "<group>"; };
		50B10C9219A28F9C00CFA2B5 /* Images.xcassets */ = {isa = PBXFileReference; lastKnownFileType = folder.assetcatalog; path = Images.xcassets; sourceTree = "<group>"; };
		50B10C9819A28F9C00CFA2B5 /* GitPracticeTests.xctest */ = {isa = PBXFileReference; explicitFileType = wrapper.cfbundle; includeInIndex = 0; path = GitPracticeTests.xctest; sourceTree = BUILT_PRODUCTS_DIR; };
		50B10C9919A28F9C00CFA2B5 /* XCTest.framework */ = {isa = PBXFileReference; lastKnownFileType = wrapper.framework; name = XCTest.framework; path = Library/Frameworks/XCTest.framework; sourceTree = DEVELOPER_DIR; };
		50B10CA119A28F9C00CFA2B5 /* GitPracticeTests-Info.plist */ = {isa = PBXFileReference; lastKnownFileType = text.plist.xml; path = "GitPracticeTests-Info.plist"; sourceTree = "<group>"; };
		50B10CA319A28F9C00CFA2B5 /* en */ = {isa = PBXFileReference; lastKnownFileType = text.plist.strings; name = en; path = en.lproj/InfoPlist.strings; sourceTree = "<group>"; };
		50B10CA519A28F9C00CFA2B5 /* GitPracticeTests.m */ = {isa = PBXFileReference; lastKnownFileType = sourcecode.c.objc; path = GitPracticeTests.m; sourceTree = "<group>"; };
/* End PBXFileReference section */

/* Begin PBXFrameworksBuildPhase section */
		50B10C7419A28F9C00CFA2B5 /* Frameworks */ = {
			isa = PBXFrameworksBuildPhase;
			buildActionMask = 2147483647;
			files = (
				50B10C7D19A28F9C00CFA2B5 /* CoreGraphics.framework in Frameworks */,
				50B10C7F19A28F9C00CFA2B5 /* UIKit.framework in Frameworks */,
				50B10C7B19A28F9C00CFA2B5 /* Foundation.framework in Frameworks */,
			);
			runOnlyForDeploymentPostprocessing = 0;
		};
		50B10C9519A28F9C00CFA2B5 /* Frameworks */ = {
			isa = PBXFrameworksBuildPhase;
			buildActionMask = 2147483647;
			files = (
				50B10C9A19A28F9C00CFA2B5 /* XCTest.framework in Frameworks */,
				50B10C9C19A28F9C00CFA2B5 /* UIKit.framework in Frameworks */,
				50B10C9B19A28F9C00CFA2B5 /* Foundation.framework in Frameworks */,
			);
			runOnlyForDeploymentPostprocessing = 0;
		};
/* End PBXFrameworksBuildPhase section */

/* Begin PBXGroup section */
		50B10C6E19A28F9C00CFA2B5 = {
			isa = PBXGroup;
			children = (
				50B10C8019A28F9C00CFA2B5 /* GitPractice */,
				50B10C9F19A28F9C00CFA2B5 /* GitPracticeTests */,
				50B10C7919A28F9C00CFA2B5 /* Frameworks */,
				50B10C7819A28F9C00CFA2B5 /* Products */,
			);
			sourceTree = "<group>";
		};
		50B10C7819A28F9C00CFA2B5 /* Products */ = {
			isa = PBXGroup;
			children = (
				50B10C7719A28F9C00CFA2B5 /* GitPractice.app */,
				50B10C9819A28F9C00CFA2B5 /* GitPracticeTests.xctest */,
			);
			name = Products;
			sourceTree = "<group>";
		};
		50B10C7919A28F9C00CFA2B5 /* Frameworks */ = {
			isa = PBXGroup;
			children = (
				50B10C7A19A28F9C00CFA2B5 /* Foundation.framework */,
				50B10C7C19A28F9C00CFA2B5 /* CoreGraphics.framework */,
				50B10C7E19A28F9C00CFA2B5 /* UIKit.framework */,
				50B10C9919A28F9C00CFA2B5 /* XCTest.framework */,
			);
			name = Frameworks;
			sourceTree = "<group>";
		};
		50B10C8019A28F9C00CFA2B5 /* GitPractice */ = {
			isa = PBXGroup;
			children = (
				50B10C8919A28F9C00CFA2B5 /* AppDelegate.h */,
				50B10C8A19A28F9C00CFA2B5 /* AppDelegate.m */,
				50B10C8C19A28F9C00CFA2B5 /* Main.storyboard */,
				50B10C8F19A28F9C00CFA2B5 /* ViewController.h */,
				50B10C9019A28F9C00CFA2B5 /* ViewController.m */,
				50B10C9219A28F9C00CFA2B5 /* Images.xcassets */,
				50B10C8119A28F9C00CFA2B5 /* Supporting Files */,
			);
			path = GitPractice;
			sourceTree = "<group>";
		};
		50B10C8119A28F9C00CFA2B5 /* Supporting Files */ = {
			isa = PBXGroup;
			children = (
				50B10C8219A28F9C00CFA2B5 /* GitPractice-Info.plist */,
				50B10C8319A28F9C00CFA2B5 /* InfoPlist.strings */,
				50B10C8619A28F9C00CFA2B5 /* main.m */,
				50B10C8819A28F9C00CFA2B5 /* GitPractice-Prefix.pch */,
			);
			name = "Supporting Files";
			sourceTree = "<group>";
		};
		50B10C9F19A28F9C00CFA2B5 /* GitPracticeTests */ = {
			isa = PBXGroup;
			children = (
				50B10CA519A28F9C00CFA2B5 /* GitPracticeTests.m */,
				50B10CA019A28F9C00CFA2B5 /* Supporting Files */,
			);
			path = GitPracticeTests;
			sourceTree = "<group>";
		};
		50B10CA019A28F9C00CFA2B5 /* Supporting Files */ = {
			isa = PBXGroup;
			children = (
				50B10CA119A28F9C00CFA2B5 /* GitPracticeTests-Info.plist */,
				50B10CA219A28F9C00CFA2B5 /* InfoPlist.strings */,
			);
			name = "Supporting Files";
			sourceTree = "<group>";
		};
/* End PBXGroup section */

/* Begin PBXNativeTarget section */
		50B10C7619A28F9C00CFA2B5 /* GitPractice */ = {
			isa = PBXNativeTarget;
			buildConfigurationList = 50B10CA919A28F9C00CFA2B5 /* Build configuration list for PBXNativeTarget "GitPractice" */;
			buildPhases = (
				50B10C7319A28F9C00CFA2B5 /* Sources */,
				50B10C7419A28F9C00CFA2B5 /* Frameworks */,
				50B10C7519A28F9C00CFA2B5 /* Resources */,
			);
			buildRules = (
			);
			dependencies = (
			);
			name = GitPractice;
			productName = GitPractice;
			productReference = 50B10C7719A28F9C00CFA2B5 /* GitPractice.app */;
			productType = "com.apple.product-type.application";
		};
		50B10C9719A28F9C00CFA2B5 /* GitPracticeTests */ = {
			isa = PBXNativeTarget;
			buildConfigurationList = 50B10CAC19A28F9C00CFA2B5 /* Build configuration list for PBXNativeTarget "GitPracticeTests" */;
			buildPhases = (
				50B10C9419A28F9C00CFA2B5 /* Sources */,
				50B10C9519A28F9C00CFA2B5 /* Frameworks */,
				50B10C9619A28F9C00CFA2B5 /* Resources */,
			);
			buildRules = (
			);
			dependencies = (
				50B10C9E19A28F9C00CFA2B5 /* PBXTargetDependency */,
			);
			name = GitPracticeTests;
			productName = GitPracticeTests;
			productReference = 50B10C9819A28F9C00CFA2B5 /* GitPracticeTests.xctest */;
			productType = "com.apple.product-type.bundle.unit-test";
		};
/* End PBXNativeTarget section */

/* Begin PBXProject section */
		50B10C6F19A28F9C00CFA2B5 /* Project object */ = {
			isa = PBXProject;
			attributes = {
				LastUpgradeCheck = 0510;
				ORGANIZATIONNAME = "Albert Saucedo";
				TargetAttributes = {
					50B10C9719A28F9C00CFA2B5 = {
						TestTargetID = 50B10C7619A28F9C00CFA2B5;
					};
				};
			};
			buildConfigurationList = 50B10C7219A28F9C00CFA2B5 /* Build configuration list for PBXProject "GitPractice" */;
			compatibilityVersion = "Xcode 3.2";
			developmentRegion = English;
			hasScannedForEncodings = 0;
			knownRegions = (
				en,
				Base,
			);
			mainGroup = 50B10C6E19A28F9C00CFA2B5;
			productRefGroup = 50B10C7819A28F9C00CFA2B5 /* Products */;
			projectDirPath = "";
			projectRoot = "";
			targets = (
				50B10C7619A28F9C00CFA2B5 /* GitPractice */,
				50B10C9719A28F9C00CFA2B5 /* GitPracticeTests */,
			);
		};
/* End PBXProject section */

/* Begin PBXResourcesBuildPhase section */
		50B10C7519A28F9C00CFA2B5 /* Resources */ = {
			isa = PBXResourcesBuildPhase;
			buildActionMask = 2147483647;
			files = (
				50B10C9319A28F9C00CFA2B5 /* Images.xcassets in Resources */,
				50B10C8519A28F9C00CFA2B5 /* InfoPlist.strings in Resources */,
				50B10C8E19A28F9C00CFA2B5 /* Main.storyboard in Resources */,
			);
			runOnlyForDeploymentPostprocessing = 0;
		};
		50B10C9619A28F9C00CFA2B5 /* Resources */ = {
			isa = PBXResourcesBuildPhase;
			buildActionMask = 2147483647;
			files = (
				50B10CA419A28F9C00CFA2B5 /* InfoPlist.strings in Resources */,
			);
			runOnlyForDeploymentPostprocessing = 0;
		};
/* End PBXResourcesBuildPhase section */

/* Begin PBXSourcesBuildPhase section */
		50B10C7319A28F9C00CFA2B5 /* Sources */ = {
			isa = PBXSourcesBuildPhase;
			buildActionMask = 2147483647;
			files = (
				50B10C9119A28F9C00CFA2B5 /* ViewController.m in Sources */,
				50B10C8B19A28F9C00CFA2B5 /* AppDelegate.m in Sources */,
				50B10C8719A28F9C00CFA2B5 /* main.m in Sources */,
			);
			runOnlyForDeploymentPostprocessing = 0;
		};
		50B10C9419A28F9C00CFA2B5 /* Sources */ = {
			isa = PBXSourcesBuildPhase;
			buildActionMask = 2147483647;
			files = (
				50B10CA619A28F9C00CFA2B5 /* GitPracticeTests.m in Sources */,
			);
			runOnlyForDeploymentPostprocessing = 0;
		};
/* End PBXSourcesBuildPhase section */

/* Begin PBXTargetDependency section */
		50B10C9E19A28F9C00CFA2B5 /* PBXTargetDependency */ = {
			isa = PBXTargetDependency;
			target = 50B10C7619A28F9C00CFA2B5 /* GitPractice */;
			targetProxy = 50B10C9D19A28F9C00CFA2B5 /* PBXContainerItemProxy */;
		};
/* End PBXTargetDependency section */

/* Begin PBXVariantGroup section */
		50B10C8319A28F9C00CFA2B5 /* InfoPlist.strings */ = {
			isa = PBXVariantGroup;
			children = (
				50B10C8419A28F9C00CFA2B5 /* en */,
			);
			name = InfoPlist.strings;
			sourceTree = "<group>";
		};
		50B10C8C19A28F9C00CFA2B5 /* Main.storyboard */ = {
			isa = PBXVariantGroup;
			children = (
				50B10C8D19A28F9C00CFA2B5 /* Base */,
			);
			name = Main.storyboard;
			sourceTree = "<group>";
		};
		50B10CA219A28F9C00CFA2B5 /* InfoPlist.strings */ = {
			isa = PBXVariantGroup;
			children = (
				50B10CA319A28F9C00CFA2B5 /* en */,
			);
			name = InfoPlist.strings;
			sourceTree = "<group>";
		};
/* End PBXVariantGroup section */

/* Begin XCBuildConfiguration section */
		50B10CA719A28F9C00CFA2B5 /* Debug */ = {
			isa = XCBuildConfiguration;
			buildSettings = {
				ALWAYS_SEARCH_USER_PATHS = NO;
				CLANG_CXX_LANGUAGE_STANDARD = "gnu++0x";
				CLANG_CXX_LIBRARY = "libc++";
				CLANG_ENABLE_MODULES = YES;
				CLANG_ENABLE_OBJC_ARC = YES;
				CLANG_WARN_BOOL_CONVERSION = YES;
				CLANG_WARN_CONSTANT_CONVERSION = YES;
				CLANG_WARN_DIRECT_OBJC_ISA_USAGE = YES_ERROR;
				CLANG_WARN_EMPTY_BODY = YES;
				CLANG_WARN_ENUM_CONVERSION = YES;
				CLANG_WARN_INT_CONVERSION = YES;
				CLANG_WARN_OBJC_ROOT_CLASS = YES_ERROR;
				CLANG_WARN__DUPLICATE_METHOD_MATCH = YES;
				"CODE_SIGN_IDENTITY[sdk=iphoneos*]" = "iPhone Developer";
				COPY_PHASE_STRIP = NO;
				GCC_C_LANGUAGE_STANDARD = gnu99;
				GCC_DYNAMIC_NO_PIC = NO;
				GCC_OPTIMIZATION_LEVEL = 0;
				GCC_PREPROCESSOR_DEFINITIONS = (
					"DEBUG=1",
					"$(inherited)",
				);
				GCC_SYMBOLS_PRIVATE_EXTERN = NO;
				GCC_WARN_64_TO_32_BIT_CONVERSION = YES;
				GCC_WARN_ABOUT_RETURN_TYPE = YES_ERROR;
				GCC_WARN_UNDECLARED_SELECTOR = YES;
				GCC_WARN_UNINITIALIZED_AUTOS = YES_AGGRESSIVE;
				GCC_WARN_UNUSED_FUNCTION = YES;
				GCC_WARN_UNUSED_VARIABLE = YES;
				IPHONEOS_DEPLOYMENT_TARGET = 7.1;
				ONLY_ACTIVE_ARCH = YES;
				SDKROOT = iphoneos;
			};
			name = Debug;
		};
		50B10CA819A28F9C00CFA2B5 /* Release */ = {
			isa = XCBuildConfiguration;
			buildSettings = {
				ALWAYS_SEARCH_USER_PATHS = NO;
				CLANG_CXX_LANGUAGE_STANDARD = "gnu++0x";
				CLANG_CXX_LIBRARY = "libc++";
				CLANG_ENABLE_MODULES = YES;
				CLANG_ENABLE_OBJC_ARC = YES;
				CLANG_WARN_BOOL_CONVERSION = YES;
				CLANG_WARN_CONSTANT_CONVERSION = YES;
				CLANG_WARN_DIRECT_OBJC_ISA_USAGE = YES_ERROR;
				CLANG_WARN_EMPTY_BODY = YES;
				CLANG_WARN_ENUM_CONVERSION = YES;
				CLANG_WARN_INT_CONVERSION = YES;
				CLANG_WARN_OBJC_ROOT_CLASS = YES_ERROR;
				CLANG_WARN__DUPLICATE_METHOD_MATCH = YES;
				"CODE_SIGN_IDENTITY[sdk=iphoneos*]" = "iPhone Developer";
				COPY_PHASE_STRIP = YES;
				ENABLE_NS_ASSERTIONS = NO;
				GCC_C_LANGUAGE_STANDARD = gnu99;
				GCC_WARN_64_TO_32_BIT_CONVERSION = YES;
				GCC_WARN_ABOUT_RETURN_TYPE = YES_ERROR;
				GCC_WARN_UNDECLARED_SELECTOR = YES;
				GCC_WARN_UNINITIALIZED_AUTOS = YES_AGGRESSIVE;
				GCC_WARN_UNUSED_FUNCTION = YES;
				GCC_WARN_UNUSED_VARIABLE = YES;
				IPHONEOS_DEPLOYMENT_TARGET = 7.1;
				SDKROOT = iphoneos;
				VALIDATE_PRODUCT = YES;
			};
			name = Release;
		};
		50B10CAA19A28F9C00CFA2B5 /* Debug */ = {
			isa = XCBuildConfiguration;
			buildSettings = {
				ASSETCATALOG_COMPILER_APPICON_NAME = AppIcon;
				ASSETCATALOG_COMPILER_LAUNCHIMAGE_NAME = LaunchImage;
				GCC_PRECOMPILE_PREFIX_HEADER = YES;
				GCC_PREFIX_HEADER = "GitPractice/GitPractice-Prefix.pch";
				INFOPLIST_FILE = "GitPractice/GitPractice-Info.plist";
				PRODUCT_NAME = "$(TARGET_NAME)";
				WRAPPER_EXTENSION = app;
			};
			name = Debug;
		};
		50B10CAB19A28F9C00CFA2B5 /* Release */ = {
			isa = XCBuildConfiguration;
			buildSettings = {
				ASSETCATALOG_COMPILER_APPICON_NAME = AppIcon;
				ASSETCATALOG_COMPILER_LAUNCHIMAGE_NAME = LaunchImage;
				GCC_PRECOMPILE_PREFIX_HEADER = YES;
				GCC_PREFIX_HEADER = "GitPractice/GitPractice-Prefix.pch";
				INFOPLIST_FILE = "GitPractice/GitPractice-Info.plist";
				PRODUCT_NAME = "$(TARGET_NAME)";
				WRAPPER_EXTENSION = app;
			};
			name = Release;
		};
		50B10CAD19A28F9C00CFA2B5 /* Debug */ = {
			isa = XCBuildConfiguration;
			buildSettings = {
				BUNDLE_LOADER = "$(BUILT_PRODUCTS_DIR)/GitPractice.app/GitPractice";
				FRAMEWORK_SEARCH_PATHS = (
					"$(SDKROOT)/Developer/Library/Frameworks",
					"$(inherited)",
					"$(DEVELOPER_FRAMEWORKS_DIR)",
				);
				GCC_PRECOMPILE_PREFIX_HEADER = YES;
				GCC_PREFIX_HEADER = "GitPractice/GitPractice-Prefix.pch";
				GCC_PREPROCESSOR_DEFINITIONS = (
					"DEBUG=1",
					"$(inherited)",
				);
				INFOPLIST_FILE = "GitPracticeTests/GitPracticeTests-Info.plist";
				PRODUCT_NAME = "$(TARGET_NAME)";
				TEST_HOST = "$(BUNDLE_LOADER)";
				WRAPPER_EXTENSION = xctest;
			};
			name = Debug;
		};
		50B10CAE19A28F9C00CFA2B5 /* Release */ = {
			isa = XCBuildConfiguration;
			buildSettings = {
				BUNDLE_LOADER = "$(BUILT_PRODUCTS_DIR)/GitPractice.app/GitPractice";
				FRAMEWORK_SEARCH_PATHS = (
					"$(SDKROOT)/Developer/Library/Frameworks",
					"$(inherited)",
					"$(DEVELOPER_FRAMEWORKS_DIR)",
				);
				GCC_PRECOMPILE_PREFIX_HEADER = YES;
				GCC_PREFIX_HEADER = "GitPractice/GitPractice-Prefix.pch";
				INFOPLIST_FILE = "GitPracticeTests/GitPracticeTests-Info.plist";
				PRODUCT_NAME = "$(TARGET_NAME)";
				TEST_HOST = "$(BUNDLE_LOADER)";
				WRAPPER_EXTENSION = xctest;
			};
			name = Release;
		};
/* End XCBuildConfiguration section */

/* Begin XCConfigurationList section */
		50B10C7219A28F9C00CFA2B5 /* Build configuration list for PBXProject "GitPractice" */ = {
			isa = XCConfigurationList;
			buildConfigurations = (
				50B10CA719A28F9C00CFA2B5 /* Debug */,
				50B10CA819A28F9C00CFA2B5 /* Release */,
			);
			defaultConfigurationIsVisible = 0;
			defaultConfigurationName = Release;
		};
		50B10CA919A28F9C00CFA2B5 /* Build configuration list for PBXNativeTarget "GitPractice" */ = {
			isa = XCConfigurationList;
			buildConfigurations = (
				50B10CAA19A28F9C00CFA2B5 /* Debug */,
				50B10CAB19A28F9C00CFA2B5 /* Release */,
			);
			defaultConfigurationIsVisible = 0;
		};
		50B10CAC19A28F9C00CFA2B5 /* Build configuration list for PBXNativeTarget "GitPracticeTests" */ = {
			isa = XCConfigurationList;
			buildConfigurations = (
				50B10CAD19A28F9C00CFA2B5 /* Debug */,
				50B10CAE19A28F9C00CFA2B5 /* Release */,
			);
			defaultConfigurationIsVisible = 0;
		};
/* End XCConfigurationList section */
	};
	rootObject = 50B10C6F19A28F9C00CFA2B5 /* Project object */;
}
